
Microsoft Visual Studio Solution File, Format Version 12.00
Project("{FAE04EC0-301F-11D3-BF4B-00C04F79EFBC}") = "hash_code_2021", "hash_code_2021\hash_code_2021.csproj", "{DE1B519C-2E22-4688-ABFF-C9F2CD0945B1}"
EndProject
Global
	GlobalSection(SolutionConfigurationPlatforms) = preSolution
		Debug|Any CPU = Debug|Any CPU
		Release|Any CPU = Release|Any CPU
	EndGlobalSection
	GlobalSection(ProjectConfigurationPlatforms) = postSolution
		{DE1B519C-2E22-4688-ABFF-C9F2CD0945B1}.Debug|Any CPU.ActiveCfg = Debug|Any CPU
		{DE1B519C-2E22-4688-ABFF-C9F2CD0945B1}.Debug|Any CPU.Build.0 = Debug|Any CPU
		{DE1B519C-2E22-4688-ABFF-C9F2CD0945B1}.Release|Any CPU.ActiveCfg = Release|Any CPU
		{DE1B519C-2E22-4688-ABFF-C9F2CD0945B1}.Release|Any CPU.Build.0 = Release|Any CPU
	EndGlobalSection
EndGlobal
